
Microsoft Visual Studio Solution File, Format Version 12.00
# Visual Studio Version 16
VisualStudioVersion = 16.0.31911.196
MinimumVisualStudioVersion = 10.0.40219.1
Project("{9A19103F-16F7-4668-BE54-9A1E7A4F7556}") = "BeeWebApp", "BeeWebApp\BeeWebApp.csproj", "{1A4D4265-8707-445C-ACA6-D70F48A5922A}"
EndProject
Project("{9A19103F-16F7-4668-BE54-9A1E7A4F7556}") = "BeeCore", "BeeCore\BeeCore.csproj", "{E9899B43-748D-44BD-8CFF-AADAEBFC3EA1}"
EndProject
Project("{FAE04EC0-301F-11D3-BF4B-00C04F79EFBC}") = "BeeConsole", "BeeConsole\BeeConsole.csproj", "{94532465-EC0D-4868-9C0D-FA05F8CFE9A4}"
EndProject
Global
	GlobalSection(SolutionConfigurationPlatforms) = preSolution
		Debug|Any CPU = Debug|Any CPU
		Release|Any CPU = Release|Any CPU
	EndGlobalSection
	GlobalSection(ProjectConfigurationPlatforms) = postSolution
		{1A4D4265-8707-445C-ACA6-D70F48A5922A}.Debug|Any CPU.ActiveCfg = Debug|Any CPU
		{1A4D4265-8707-445C-ACA6-D70F48A5922A}.Debug|Any CPU.Build.0 = Debug|Any CPU
		{1A4D4265-8707-445C-ACA6-D70F48A5922A}.Release|Any CPU.ActiveCfg = Release|Any CPU
		{1A4D4265-8707-445C-ACA6-D70F48A5922A}.Release|Any CPU.Build.0 = Release|Any CPU
		{E9899B43-748D-44BD-8CFF-AADAEBFC3EA1}.Debug|Any CPU.ActiveCfg = Debug|Any CPU
		{E9899B43-748D-44BD-8CFF-AADAEBFC3EA1}.Debug|Any CPU.Build.0 = Debug|Any CPU
		{E9899B43-748D-44BD-8CFF-AADAEBFC3EA1}.Release|Any CPU.ActiveCfg = Release|Any CPU
		{E9899B43-748D-44BD-8CFF-AADAEBFC3EA1}.Release|Any CPU.Build.0 = Release|Any CPU
		{94532465-EC0D-4868-9C0D-FA05F8CFE9A4}.Debug|Any CPU.ActiveCfg = Debug|Any CPU
		{94532465-EC0D-4868-9C0D-FA05F8CFE9A4}.Debug|Any CPU.Build.0 = Debug|Any CPU
		{94532465-EC0D-4868-9C0D-FA05F8CFE9A4}.Release|Any CPU.ActiveCfg = Release|Any CPU
		{94532465-EC0D-4868-9C0D-FA05F8CFE9A4}.Release|Any CPU.Build.0 = Release|Any CPU
	EndGlobalSection
	GlobalSection(SolutionProperties) = preSolution
		HideSolutionNode = FALSE
	EndGlobalSection
	GlobalSection(ExtensibilityGlobals) = postSolution
		SolutionGuid = {E94CFAE5-C1F8-4227-AA79-F68A2DB8C18F}
	EndGlobalSection
EndGlobal
